// !$*UTF8*$!
{
	archiveVersion = 1;
	classes = {
	};
	objectVersion = 48;
	objects = {

/* Begin PBXBuildFile section */
		1BD825BA2044A91B005E8F1B /* AppDelegate.swift in Sources */ = {isa = PBXBuildFile; fileRef = 1BD825B92044A91B005E8F1B /* AppDelegate.swift */; };
		1BD825BC2044A91B005E8F1B /* ViewController.swift in Sources */ = {isa = PBXBuildFile; fileRef = 1BD825BB2044A91B005E8F1B /* ViewController.swift */; };
		1BD825BF2044A91B005E8F1B /* Main.storyboard in Resources */ = {isa = PBXBuildFile; fileRef = 1BD825BD2044A91B005E8F1B /* Main.storyboard */; };
		1BD825C12044A91B005E8F1B /* Assets.xcassets in Resources */ = {isa = PBXBuildFile; fileRef = 1BD825C02044A91B005E8F1B /* Assets.xcassets */; };
		1BD825C42044A91B005E8F1B /* LaunchScreen.storyboard in Resources */ = {isa = PBXBuildFile; fileRef = 1BD825C22044A91B005E8F1B /* LaunchScreen.storyboard */; };
		1BD825CF2044A91B005E8F1B /* ParseChatTests.swift in Sources */ = {isa = PBXBuildFile; fileRef = 1BD825CE2044A91B005E8F1B /* ParseChatTests.swift */; };
		1BD825DA2044A91B005E8F1B /* ParseChatUITests.swift in Sources */ = {isa = PBXBuildFile; fileRef = 1BD825D92044A91B005E8F1B /* ParseChatUITests.swift */; };
/* End PBXBuildFile section */

/* Begin PBXContainerItemProxy section */
		1BD825CB2044A91B005E8F1B /* PBXContainerItemProxy */ = {
			isa = PBXContainerItemProxy;
			containerPortal = 1BD825AE2044A91B005E8F1B /* Project object */;
			proxyType = 1;
			remoteGlobalIDString = 1BD825B52044A91B005E8F1B;
			remoteInfo = ParseChat;
		};
		1BD825D62044A91B005E8F1B /* PBXContainerItemProxy */ = {
			isa = PBXContainerItemProxy;
			containerPortal = 1BD825AE2044A91B005E8F1B /* Project object */;
			proxyType = 1;
			remoteGlobalIDString = 1BD825B52044A91B005E8F1B;
			remoteInfo = ParseChat;
		};
/* End PBXContainerItemProxy section */

/* Begin PBXFileReference section */
		1BD825B62044A91B005E8F1B /* ParseChat.app */ = {isa = PBXFileReference; explicitFileType = wrapper.application; includeInIndex = 0; path = ParseChat.app; sourceTree = BUILT_PRODUCTS_DIR; };
		1BD825B92044A91B005E8F1B /* AppDelegate.swift */ = {isa = PBXFileReference; lastKnownFileType = sourcecode.swift; path = AppDelegate.swift; sourceTree = "<group>"; };
		1BD825BB2044A91B005E8F1B /* ViewController.swift */ = {isa = PBXFileReference; lastKnownFileType = sourcecode.swift; path = ViewController.swift; sourceTree = "<group>"; };
		1BD825BE2044A91B005E8F1B /* Base */ = {isa = PBXFileReference; lastKnownFileType = file.storyboard; name = Base; path = Base.lproj/Main.storyboard; sourceTree = "<group>"; };
		1BD825C02044A91B005E8F1B /* Assets.xcassets */ = {isa = PBXFileReference; lastKnownFileType = folder.assetcatalog; path = Assets.xcassets; sourceTree = "<group>"; };
		1BD825C32044A91B005E8F1B /* Base */ = {isa = PBXFileReference; lastKnownFileType = file.storyboard; name = Base; path = Base.lproj/LaunchScreen.storyboard; sourceTree = "<group>"; };
		1BD825C52044A91B005E8F1B /* Info.plist */ = {isa = PBXFileReference; lastKnownFileType = text.plist.xml; path = Info.plist; sourceTree = "<group>"; };
		1BD825CA2044A91B005E8F1B /* ParseChatTests.xctest */ = {isa = PBXFileReference; explicitFileType = wrapper.cfbundle; includeInIndex = 0; path = ParseChatTests.xctest; sourceTree = BUILT_PRODUCTS_DIR; };
		1BD825CE2044A91B005E8F1B /* ParseChatTests.swift */ = {isa = PBXFileReference; lastKnownFileType = sourcecode.swift; path = ParseChatTests.swift; sourceTree = "<group>"; };
		1BD825D02044A91B005E8F1B /* Info.plist */ = {isa = PBXFileReference; lastKnownFileType = text.plist.xml; path = Info.plist; sourceTree = "<group>"; };
		1BD825D52044A91B005E8F1B /* ParseChatUITests.xctest */ = {isa = PBXFileReference; explicitFileType = wrapper.cfbundle; includeInIndex = 0; path = ParseChatUITests.xctest; sourceTree = BUILT_PRODUCTS_DIR; };
		1BD825D92044A91B005E8F1B /* ParseChatUITests.swift */ = {isa = PBXFileReference; lastKnownFileType = sourcecode.swift; path = ParseChatUITests.swift; sourceTree = "<group>"; };
		1BD825DB2044A91B005E8F1B /* Info.plist */ = {isa = PBXFileReference; lastKnownFileType = text.plist.xml; path = Info.plist; sourceTree = "<group>"; };
/* End PBXFileReference section */

/* Begin PBXFrameworksBuildPhase section */
		1BD825B32044A91B005E8F1B /* Frameworks */ = {
			isa = PBXFrameworksBuildPhase;
			buildActionMask = 2147483647;
			files = (
			);
			runOnlyForDeploymentPostprocessing = 0;
		};
		1BD825C72044A91B005E8F1B /* Frameworks */ = {
			isa = PBXFrameworksBuildPhase;
			buildActionMask = 2147483647;
			files = (
			);
			runOnlyForDeploymentPostprocessing = 0;
		};
		1BD825D22044A91B005E8F1B /* Frameworks */ = {
			isa = PBXFrameworksBuildPhase;
			buildActionMask = 2147483647;
			files = (
			);
			runOnlyForDeploymentPostprocessing = 0;
		};
/* End PBXFrameworksBuildPhase section */

/* Begin PBXGroup section */
		1BD825AD2044A91B005E8F1B = {
			isa = PBXGroup;
			children = (
				1BD825B82044A91B005E8F1B /* ParseChat */,
				1BD825CD2044A91B005E8F1B /* ParseChatTests */,
				1BD825D82044A91B005E8F1B /* ParseChatUITests */,
				1BD825B72044A91B005E8F1B /* Products */,
			);
			sourceTree = "<group>";
		};
		1BD825B72044A91B005E8F1B /* Products */ = {
			isa = PBXGroup;
			children = (
				1BD825B62044A91B005E8F1B /* ParseChat.app */,
				1BD825CA2044A91B005E8F1B /* ParseChatTests.xctest */,
				1BD825D52044A91B005E8F1B /* ParseChatUITests.xctest */,
			);
			name = Products;
			sourceTree = "<group>";
		};
		1BD825B82044A91B005E8F1B /* ParseChat */ = {
			isa = PBXGroup;
			children = (
				1BD825B92044A91B005E8F1B /* AppDelegate.swift */,
				1BD825BB2044A91B005E8F1B /* ViewController.swift */,
				1BD825BD2044A91B005E8F1B /* Main.storyboard */,
				1BD825C02044A91B005E8F1B /* Assets.xcassets */,
				1BD825C22044A91B005E8F1B /* LaunchScreen.storyboard */,
				1BD825C52044A91B005E8F1B /* Info.plist */,
			);
			path = ParseChat;
			sourceTree = "<group>";
		};
		1BD825CD2044A91B005E8F1B /* ParseChatTests */ = {
			isa = PBXGroup;
			children = (
				1BD825CE2044A91B005E8F1B /* ParseChatTests.swift */,
				1BD825D02044A91B005E8F1B /* Info.plist */,
			);
			path = ParseChatTests;
			sourceTree = "<group>";
		};
		1BD825D82044A91B005E8F1B /* ParseChatUITests */ = {
			isa = PBXGroup;
			children = (
				1BD825D92044A91B005E8F1B /* ParseChatUITests.swift */,
				1BD825DB2044A91B005E8F1B /* Info.plist */,
			);
			path = ParseChatUITests;
			sourceTree = "<group>";
		};
/* End PBXGroup section */

/* Begin PBXNativeTarget section */
		1BD825B52044A91B005E8F1B /* ParseChat */ = {
			isa = PBXNativeTarget;
			buildConfigurationList = 1BD825DE2044A91B005E8F1B /* Build configuration list for PBXNativeTarget "ParseChat" */;
			buildPhases = (
				1BD825B22044A91B005E8F1B /* Sources */,
				1BD825B32044A91B005E8F1B /* Frameworks */,
				1BD825B42044A91B005E8F1B /* Resources */,
			);
			buildRules = (
			);
			dependencies = (
			);
			name = ParseChat;
			productName = ParseChat;
			productReference = 1BD825B62044A91B005E8F1B /* ParseChat.app */;
			productType = "com.apple.product-type.application";
		};
		1BD825C92044A91B005E8F1B /* ParseChatTests */ = {
			isa = PBXNativeTarget;
			buildConfigurationList = 1BD825E12044A91B005E8F1B /* Build configuration list for PBXNativeTarget "ParseChatTests" */;
			buildPhases = (
				1BD825C62044A91B005E8F1B /* Sources */,
				1BD825C72044A91B005E8F1B /* Frameworks */,
				1BD825C82044A91B005E8F1B /* Resources */,
			);
			buildRules = (
			);
			dependencies = (
				1BD825CC2044A91B005E8F1B /* PBXTargetDependency */,
			);
			name = ParseChatTests;
			productName = ParseChatTests;
			productReference = 1BD825CA2044A91B005E8F1B /* ParseChatTests.xctest */;
			productType = "com.apple.product-type.bundle.unit-test";
		};
		1BD825D42044A91B005E8F1B /* ParseChatUITests */ = {
			isa = PBXNativeTarget;
			buildConfigurationList = 1BD825E42044A91B005E8F1B /* Build configuration list for PBXNativeTarget "ParseChatUITests" */;
			buildPhases = (
				1BD825D12044A91B005E8F1B /* Sources */,
				1BD825D22044A91B005E8F1B /* Frameworks */,
				1BD825D32044A91B005E8F1B /* Resources */,
			);
			buildRules = (
			);
			dependencies = (
				1BD825D72044A91B005E8F1B /* PBXTargetDependency */,
			);
			name = ParseChatUITests;
			productName = ParseChatUITests;
			productReference = 1BD825D52044A91B005E8F1B /* ParseChatUITests.xctest */;
			productType = "com.apple.product-type.bundle.ui-testing";
		};
/* End PBXNativeTarget section */

/* Begin PBXProject section */
		1BD825AE2044A91B005E8F1B /* Project object */ = {
			isa = PBXProject;
			attributes = {
				LastSwiftUpdateCheck = 0920;
				LastUpgradeCheck = 0920;
				ORGANIZATIONNAME = "TiAuna Dodd";
				TargetAttributes = {
					1BD825B52044A91B005E8F1B = {
						CreatedOnToolsVersion = 9.2;
						ProvisioningStyle = Automatic;
					};
					1BD825C92044A91B005E8F1B = {
						CreatedOnToolsVersion = 9.2;
						ProvisioningStyle = Automatic;
						TestTargetID = 1BD825B52044A91B005E8F1B;
					};
					1BD825D42044A91B005E8F1B = {
						CreatedOnToolsVersion = 9.2;
						ProvisioningStyle = Automatic;
						TestTargetID = 1BD825B52044A91B005E8F1B;
					};
				};
			};
			buildConfigurationList = 1BD825B12044A91B005E8F1B /* Build configuration list for PBXProject "ParseChat" */;
			compatibilityVersion = "Xcode 8.0";
			developmentRegion = en;
			hasScannedForEncodings = 0;
			knownRegions = (
				en,
				Base,
			);
			mainGroup = 1BD825AD2044A91B005E8F1B;
			productRefGroup = 1BD825B72044A91B005E8F1B /* Products */;
			projectDirPath = "";
			projectRoot = "";
			targets = (
				1BD825B52044A91B005E8F1B /* ParseChat */,
				1BD825C92044A91B005E8F1B /* ParseChatTests */,
				1BD825D42044A91B005E8F1B /* ParseChatUITests */,
			);
		};
/* End PBXProject section */

/* Begin PBXResourcesBuildPhase section */
		1BD825B42044A91B005E8F1B /* Resources */ = {
			isa = PBXResourcesBuildPhase;
			buildActionMask = 2147483647;
			files = (
				1BD825C42044A91B005E8F1B /* LaunchScreen.storyboard in Resources */,
				1BD825C12044A91B005E8F1B /* Assets.xcassets in Resources */,
				1BD825BF2044A91B005E8F1B /* Main.storyboard in Resources */,
			);
			runOnlyForDeploymentPostprocessing = 0;
		};
		1BD825C82044A91B005E8F1B /* Resources */ = {
			isa = PBXResourcesBuildPhase;
			buildActionMask = 2147483647;
			files = (
			);
			runOnlyForDeploymentPostprocessing = 0;
		};
		1BD825D32044A91B005E8F1B /* Resources */ = {
			isa = PBXResourcesBuildPhase;
			buildActionMask = 2147483647;
			files = (
			);
			runOnlyForDeploymentPostprocessing = 0;
		};
/* End PBXResourcesBuildPhase section */

/* Begin PBXSourcesBuildPhase section */
		1BD825B22044A91B005E8F1B /* Sources */ = {
			isa = PBXSourcesBuildPhase;
			buildActionMask = 2147483647;
			files = (
				1BD825BC2044A91B005E8F1B /* ViewController.swift in Sources */,
				1BD825BA2044A91B005E8F1B /* AppDelegate.swift in Sources */,
			);
			runOnlyForDeploymentPostprocessing = 0;
		};
		1BD825C62044A91B005E8F1B /* Sources */ = {
			isa = PBXSourcesBuildPhase;
			buildActionMask = 2147483647;
			files = (
				1BD825CF2044A91B005E8F1B /* ParseChatTests.swift in Sources */,
			);
			runOnlyForDeploymentPostprocessing = 0;
		};
		1BD825D12044A91B005E8F1B /* Sources */ = {
			isa = PBXSourcesBuildPhase;
			buildActionMask = 2147483647;
			files = (
				1BD825DA2044A91B005E8F1B /* ParseChatUITests.swift in Sources */,
			);
			runOnlyForDeploymentPostprocessing = 0;
		};
/* End PBXSourcesBuildPhase section */

/* Begin PBXTargetDependency section */
		1BD825CC2044A91B005E8F1B /* PBXTargetDependency */ = {
			isa = PBXTargetDependency;
			target = 1BD825B52044A91B005E8F1B /* ParseChat */;
			targetProxy = 1BD825CB2044A91B005E8F1B /* PBXContainerItemProxy */;
		};
		1BD825D72044A91B005E8F1B /* PBXTargetDependency */ = {
			isa = PBXTargetDependency;
			target = 1BD825B52044A91B005E8F1B /* ParseChat */;
			targetProxy = 1BD825D62044A91B005E8F1B /* PBXContainerItemProxy */;
		};
/* End PBXTargetDependency section */

/* Begin PBXVariantGroup section */
		1BD825BD2044A91B005E8F1B /* Main.storyboard */ = {
			isa = PBXVariantGroup;
			children = (
				1BD825BE2044A91B005E8F1B /* Base */,
			);
			name = Main.storyboard;
			sourceTree = "<group>";
		};
		1BD825C22044A91B005E8F1B /* LaunchScreen.storyboard */ = {
			isa = PBXVariantGroup;
			children = (
				1BD825C32044A91B005E8F1B /* Base */,
			);
			name = LaunchScreen.storyboard;
			sourceTree = "<group>";
		};
/* End PBXVariantGroup section */

/* Begin XCBuildConfiguration section */
		1BD825DC2044A91B005E8F1B /* Debug */ = {
			isa = XCBuildConfiguration;
			buildSettings = {
				ALWAYS_SEARCH_USER_PATHS = NO;
				CLANG_ANALYZER_NONNULL = YES;
				CLANG_ANALYZER_NUMBER_OBJECT_CONVERSION = YES_AGGRESSIVE;
				CLANG_CXX_LANGUAGE_STANDARD = "gnu++14";
				CLANG_CXX_LIBRARY = "libc++";
				CLANG_ENABLE_MODULES = YES;
				CLANG_ENABLE_OBJC_ARC = YES;
				CLANG_WARN_BLOCK_CAPTURE_AUTORELEASING = YES;
				CLANG_WARN_BOOL_CONVERSION = YES;
				CLANG_WARN_COMMA = YES;
				CLANG_WARN_CONSTANT_CONVERSION = YES;
				CLANG_WARN_DIRECT_OBJC_ISA_USAGE = YES_ERROR;
				CLANG_WARN_DOCUMENTATION_COMMENTS = YES;
				CLANG_WARN_EMPTY_BODY = YES;
				CLANG_WARN_ENUM_CONVERSION = YES;
				CLANG_WARN_INFINITE_RECURSION = YES;
				CLANG_WARN_INT_CONVERSION = YES;
				CLANG_WARN_NON_LITERAL_NULL_CONVERSION = YES;
				CLANG_WARN_OBJC_LITERAL_CONVERSION = YES;
				CLANG_WARN_OBJC_ROOT_CLASS = YES_ERROR;
				CLANG_WARN_RANGE_LOOP_ANALYSIS = YES;
				CLANG_WARN_STRICT_PROTOTYPES = YES;
				CLANG_WARN_SUSPICIOUS_MOVE = YES;
				CLANG_WARN_UNGUARDED_AVAILABILITY = YES_AGGRESSIVE;
				CLANG_WARN_UNREACHABLE_CODE = YES;
				CLANG_WARN__DUPLICATE_METHOD_MATCH = YES;
				CODE_SIGN_IDENTITY = "iPhone Developer";
				COPY_PHASE_STRIP = NO;
				DEBUG_INFORMATION_FORMAT = dwarf;
				ENABLE_STRICT_OBJC_MSGSEND = YES;
				ENABLE_TESTABILITY = YES;
				GCC_C_LANGUAGE_STANDARD = gnu11;
				GCC_DYNAMIC_NO_PIC = NO;
				GCC_NO_COMMON_BLOCKS = YES;
				GCC_OPTIMIZATION_LEVEL = 0;
				GCC_PREPROCESSOR_DEFINITIONS = (
					"DEBUG=1",
					"$(inherited)",
				);
				GCC_WARN_64_TO_32_BIT_CONVERSION = YES;
				GCC_WARN_ABOUT_RETURN_TYPE = YES_ERROR;
				GCC_WARN_UNDECLARED_SELECTOR = YES;
				GCC_WARN_UNINITIALIZED_AUTOS = YES_AGGRESSIVE;
				GCC_WARN_UNUSED_FUNCTION = YES;
				GCC_WARN_UNUSED_VARIABLE = YES;
				IPHONEOS_DEPLOYMENT_TARGET = 11.2;
				MTL_ENABLE_DEBUG_INFO = YES;
				ONLY_ACTIVE_ARCH = YES;
				SDKROOT = iphoneos;
				SWIFT_ACTIVE_COMPILATION_CONDITIONS = DEBUG;
				SWIFT_OPTIMIZATION_LEVEL = "-Onone";
			};
			name = Debug;
		};
		1BD825DD2044A91B005E8F1B /* Release */ = {
			isa = XCBuildConfiguration;
			buildSettings = {
				ALWAYS_SEARCH_USER_PATHS = NO;
				CLANG_ANALYZER_NONNULL = YES;
				CLANG_ANALYZER_NUMBER_OBJECT_CONVERSION = YES_AGGRESSIVE;
				CLANG_CXX_LANGUAGE_STANDARD = "gnu++14";
				CLANG_CXX_LIBRARY = "libc++";
				CLANG_ENABLE_MODULES = YES;
				CLANG_ENABLE_OBJC_ARC = YES;
				CLANG_WARN_BLOCK_CAPTURE_AUTORELEASING = YES;
				CLANG_WARN_BOOL_CONVERSION = YES;
				CLANG_WARN_COMMA = YES;
				CLANG_WARN_CONSTANT_CONVERSION = YES;
				CLANG_WARN_DIRECT_OBJC_ISA_USAGE = YES_ERROR;
				CLANG_WARN_DOCUMENTATION_COMMENTS = YES;
				CLANG_WARN_EMPTY_BODY = YES;
				CLANG_WARN_ENUM_CONVERSION = YES;
				CLANG_WARN_INFINITE_RECURSION = YES;
				CLANG_WARN_INT_CONVERSION = YES;
				CLANG_WARN_NON_LITERAL_NULL_CONVERSION = YES;
				CLANG_WARN_OBJC_LITERAL_CONVERSION = YES;
				CLANG_WARN_OBJC_ROOT_CLASS = YES_ERROR;
				CLANG_WARN_RANGE_LOOP_ANALYSIS = YES;
				CLANG_WARN_STRICT_PROTOTYPES = YES;
				CLANG_WARN_SUSPICIOUS_MOVE = YES;
				CLANG_WARN_UNGUARDED_AVAILABILITY = YES_AGGRESSIVE;
				CLANG_WARN_UNREACHABLE_CODE = YES;
				CLANG_WARN__DUPLICATE_METHOD_MATCH = YES;
				CODE_SIGN_IDENTITY = "iPhone Developer";
				COPY_PHASE_STRIP = NO;
				DEBUG_INFORMATION_FORMAT = "dwarf-with-dsym";
				ENABLE_NS_ASSERTIONS = NO;
				ENABLE_STRICT_OBJC_MSGSEND = YES;
				GCC_C_LANGUAGE_STANDARD = gnu11;
				GCC_NO_COMMON_BLOCKS = YES;
				GCC_WARN_64_TO_32_BIT_CONVERSION = YES;
				GCC_WARN_ABOUT_RETURN_TYPE = YES_ERROR;
				GCC_WARN_UNDECLARED_SELECTOR = YES;
				GCC_WARN_UNINITIALIZED_AUTOS = YES_AGGRESSIVE;
				GCC_WARN_UNUSED_FUNCTION = YES;
				GCC_WARN_UNUSED_VARIABLE = YES;
				IPHONEOS_DEPLOYMENT_TARGET = 11.2;
				MTL_ENABLE_DEBUG_INFO = NO;
				SDKROOT = iphoneos;
				SWIFT_OPTIMIZATION_LEVEL = "-Owholemodule";
				VALIDATE_PRODUCT = YES;
			};
			name = Release;
		};
		1BD825DF2044A91B005E8F1B /* Debug */ = {
			isa = XCBuildConfiguration;
			buildSettings = {
				ASSETCATALOG_COMPILER_APPICON_NAME = AppIcon;
				CODE_SIGN_STYLE = Automatic;
				DEVELOPMENT_TEAM = 8YMY78J73V;
				INFOPLIST_FILE = ParseChat/Info.plist;
				LD_RUNPATH_SEARCH_PATHS = "$(inherited) @executable_path/Frameworks";
				PRODUCT_BUNDLE_IDENTIFIER = tiaunad.ParseChat;
				PRODUCT_NAME = "$(TARGET_NAME)";
				SWIFT_VERSION = 4.0;
				TARGETED_DEVICE_FAMILY = "1,2";
			};
			name = Debug;
		};
		1BD825E02044A91B005E8F1B /* Release */ = {
			isa = XCBuildConfiguration;
			buildSettings = {
				ASSETCATALOG_COMPILER_APPICON_NAME = AppIcon;
				CODE_SIGN_STYLE = Automatic;
				DEVELOPMENT_TEAM = 8YMY78J73V;
				INFOPLIST_FILE = ParseChat/Info.plist;
				LD_RUNPATH_SEARCH_PATHS = "$(inherited) @executable_path/Frameworks";
				PRODUCT_BUNDLE_IDENTIFIER = tiaunad.ParseChat;
				PRODUCT_NAME = "$(TARGET_NAME)";
				SWIFT_VERSION = 4.0;
				TARGETED_DEVICE_FAMILY = "1,2";
			};
			name = Release;
		};
		1BD825E22044A91B005E8F1B /* Debug */ = {
			isa = XCBuildConfiguration;
			buildSettings = {
				ALWAYS_EMBED_SWIFT_STANDARD_LIBRARIES = YES;
				BUNDLE_LOADER = "$(TEST_HOST)";
				CODE_SIGN_STYLE = Automatic;
				DEVELOPMENT_TEAM = 8YMY78J73V;
				INFOPLIST_FILE = ParseChatTests/Info.plist;
				LD_RUNPATH_SEARCH_PATHS = "$(inherited) @executable_path/Frameworks @loader_path/Frameworks";
				PRODUCT_BUNDLE_IDENTIFIER = tiaunad.ParseChatTests;
				PRODUCT_NAME = "$(TARGET_NAME)";
				SWIFT_VERSION = 4.0;
				TARGETED_DEVICE_FAMILY = "1,2";
				TEST_HOST = "$(BUILT_PRODUCTS_DIR)/ParseChat.app/ParseChat";
			};
			name = Debug;
		};
		1BD825E32044A91B005E8F1B /* Release */ = {
			isa = XCBuildConfiguration;
			buildSettings = {
				ALWAYS_EMBED_SWIFT_STANDARD_LIBRARIES = YES;
				BUNDLE_LOADER = "$(TEST_HOST)";
				CODE_SIGN_STYLE = Automatic;
				DEVELOPMENT_TEAM = 8YMY78J73V;
				INFOPLIST_FILE = ParseChatTests/Info.plist;
				LD_RUNPATH_SEARCH_PATHS = "$(inherited) @executable_path/Frameworks @loader_path/Frameworks";
				PRODUCT_BUNDLE_IDENTIFIER = tiaunad.ParseChatTests;
				PRODUCT_NAME = "$(TARGET_NAME)";
				SWIFT_VERSION = 4.0;
				TARGETED_DEVICE_FAMILY = "1,2";
				TEST_HOST = "$(BUILT_PRODUCTS_DIR)/ParseChat.app/ParseChat";
			};
			name = Release;
		};
		1BD825E52044A91B005E8F1B /* Debug */ = {
			isa = XCBuildConfiguration;
			buildSettings = {
				ALWAYS_EMBED_SWIFT_STANDARD_LIBRARIES = YES;
				CODE_SIGN_STYLE = Automatic;
				DEVELOPMENT_TEAM = 8YMY78J73V;
				INFOPLIST_FILE = ParseChatUITests/Info.plist;
				LD_RUNPATH_SEARCH_PATHS = "$(inherited) @executable_path/Frameworks @loader_path/Frameworks";
				PRODUCT_BUNDLE_IDENTIFIER = tiaunad.ParseChatUITests;
				PRODUCT_NAME = "$(TARGET_NAME)";
				SWIFT_VERSION = 4.0;
				TARGETED_DEVICE_FAMILY = "1,2";
				TEST_TARGET_NAME = ParseChat;
			};
			name = Debug;
		};
		1BD825E62044A91B005E8F1B /* Release */ = {
			isa = XCBuildConfiguration;
			buildSettings = {
				ALWAYS_EMBED_SWIFT_STANDARD_LIBRARIES = YES;
				CODE_SIGN_STYLE = Automatic;
				DEVELOPMENT_TEAM = 8YMY78J73V;
				INFOPLIST_FILE = ParseChatUITests/Info.plist;
				LD_RUNPATH_SEARCH_PATHS = "$(inherited) @executable_path/Frameworks @loader_path/Frameworks";
				PRODUCT_BUNDLE_IDENTIFIER = tiaunad.ParseChatUITests;
				PRODUCT_NAME = "$(TARGET_NAME)";
				SWIFT_VERSION = 4.0;
				TARGETED_DEVICE_FAMILY = "1,2";
				TEST_TARGET_NAME = ParseChat;
			};
			name = Release;
		};
/* End XCBuildConfiguration section */

/* Begin XCConfigurationList section */
		1BD825B12044A91B005E8F1B /* Build configuration list for PBXProject "ParseChat" */ = {
			isa = XCConfigurationList;
			buildConfigurations = (
				1BD825DC2044A91B005E8F1B /* Debug */,
				1BD825DD2044A91B005E8F1B /* Release */,
			);
			defaultConfigurationIsVisible = 0;
			defaultConfigurationName = Release;
		};
		1BD825DE2044A91B005E8F1B /* Build configuration list for PBXNativeTarget "ParseChat" */ = {
			isa = XCConfigurationList;
			buildConfigurations = (
				1BD825DF2044A91B005E8F1B /* Debug */,
				1BD825E02044A91B005E8F1B /* Release */,
			);
			defaultConfigurationIsVisible = 0;
			defaultConfigurationName = Release;
		};
		1BD825E12044A91B005E8F1B /* Build configuration list for PBXNativeTarget "ParseChatTests" */ = {
			isa = XCConfigurationList;
			buildConfigurations = (
				1BD825E22044A91B005E8F1B /* Debug */,
				1BD825E32044A91B005E8F1B /* Release */,
			);
			defaultConfigurationIsVisible = 0;
			defaultConfigurationName = Release;
		};
		1BD825E42044A91B005E8F1B /* Build configuration list for PBXNativeTarget "ParseChatUITests" */ = {
			isa = XCConfigurationList;
			buildConfigurations = (
				1BD825E52044A91B005E8F1B /* Debug */,
				1BD825E62044A91B005E8F1B /* Release */,
			);
			defaultConfigurationIsVisible = 0;
			defaultConfigurationName = Release;
		};
/* End XCConfigurationList section */
	};
	rootObject = 1BD825AE2044A91B005E8F1B /* Project object */;
}
